
Microsoft Visual Studio Solution File, Format Version 12.00
# Visual Studio 15
VisualStudioVersion = 15.0.27130.2036
MinimumVisualStudioVersion = 10.0.40219.1
Project("{FAE04EC0-301F-11D3-BF4B-00C04F79EFBC}") = "TMS", "TMS\TMS.csproj", "{2F46C67F-CED5-4A5B-94C6-AA7E7C025394}"
EndProject
Project("{FAE04EC0-301F-11D3-BF4B-00C04F79EFBC}") = "TMSBusinessLogic", "TMSBusinessLogic\TMSBusinessLogic.csproj", "{021F5D86-4DC9-44E7-BFDC-8407B5B71AD1}"
EndProject
Project("{FAE04EC0-301F-11D3-BF4B-00C04F79EFBC}") = "ABCLogisticsBusinessLogic", "ABCLogisticsBusinessLogic\ABCLogisticsBusinessLogic.csproj", "{433A3912-6057-4598-91A5-C83605F14651}"
EndProject
Global
	GlobalSection(SolutionConfigurationPlatforms) = preSolution
		Debug|Any CPU = Debug|Any CPU
		Release|Any CPU = Release|Any CPU
	EndGlobalSection
	GlobalSection(ProjectConfigurationPlatforms) = postSolution
		{2F46C67F-CED5-4A5B-94C6-AA7E7C025394}.Debug|Any CPU.ActiveCfg = Debug|Any CPU
		{2F46C67F-CED5-4A5B-94C6-AA7E7C025394}.Debug|Any CPU.Build.0 = Debug|Any CPU
		{2F46C67F-CED5-4A5B-94C6-AA7E7C025394}.Release|Any CPU.ActiveCfg = Release|Any CPU
		{2F46C67F-CED5-4A5B-94C6-AA7E7C025394}.Release|Any CPU.Build.0 = Release|Any CPU
		{021F5D86-4DC9-44E7-BFDC-8407B5B71AD1}.Debug|Any CPU.ActiveCfg = Debug|Any CPU
		{021F5D86-4DC9-44E7-BFDC-8407B5B71AD1}.Debug|Any CPU.Build.0 = Debug|Any CPU
		{021F5D86-4DC9-44E7-BFDC-8407B5B71AD1}.Release|Any CPU.ActiveCfg = Release|Any CPU
		{021F5D86-4DC9-44E7-BFDC-8407B5B71AD1}.Release|Any CPU.Build.0 = Release|Any CPU
		{433A3912-6057-4598-91A5-C83605F14651}.Debug|Any CPU.ActiveCfg = Debug|Any CPU
		{433A3912-6057-4598-91A5-C83605F14651}.Debug|Any CPU.Build.0 = Debug|Any CPU
		{433A3912-6057-4598-91A5-C83605F14651}.Release|Any CPU.ActiveCfg = Release|Any CPU
		{433A3912-6057-4598-91A5-C83605F14651}.Release|Any CPU.Build.0 = Release|Any CPU
	EndGlobalSection
	GlobalSection(SolutionProperties) = preSolution
		HideSolutionNode = FALSE
	EndGlobalSection
	GlobalSection(ExtensibilityGlobals) = postSolution
		SolutionGuid = {AA109F3D-DC28-4A7B-A112-FDF370D2BCB6}
	EndGlobalSection
EndGlobal
